
Microsoft Visual Studio Solution File, Format Version 12.00
# Visual Studio 15
VisualStudioVersion = 15.0.27428.2015
MinimumVisualStudioVersion = 10.0.40219.1
Project("{FAE04EC0-301F-11D3-BF4B-00C04F79EFBC}") = "Merenda", "Merenda\Merenda.csproj", "{585BB259-A02B-4AEF-A841-30D34850CC3B}"
EndProject
Global
	GlobalSection(SolutionConfigurationPlatforms) = preSolution
		Debug|Any CPU = Debug|Any CPU
		Release|Any CPU = Release|Any CPU
	EndGlobalSection
	GlobalSection(ProjectConfigurationPlatforms) = postSolution
		{585BB259-A02B-4AEF-A841-30D34850CC3B}.Debug|Any CPU.ActiveCfg = Debug|Any CPU
		{585BB259-A02B-4AEF-A841-30D34850CC3B}.Debug|Any CPU.Build.0 = Debug|Any CPU
		{585BB259-A02B-4AEF-A841-30D34850CC3B}.Release|Any CPU.ActiveCfg = Release|Any CPU
		{585BB259-A02B-4AEF-A841-30D34850CC3B}.Release|Any CPU.Build.0 = Release|Any CPU
	EndGlobalSection
	GlobalSection(SolutionProperties) = preSolution
		HideSolutionNode = FALSE
	EndGlobalSection
	GlobalSection(ExtensibilityGlobals) = postSolution
		SolutionGuid = {04FA30A1-27A3-4992-A77F-49EFC8AAAE7B}
	EndGlobalSection
EndGlobal
